
Microsoft Visual Studio Solution File, Format Version 12.00
# Visual Studio Version 16
VisualStudioVersion = 16.0.31005.135
MinimumVisualStudioVersion = 10.0.40219.1
Project("{9A19103F-16F7-4668-BE54-9A1E7A4F7556}") = "HelloCore", "HelloCore\HelloCore.csproj", "{C16880BE-C997-4ADA-AB6D-EB54CAA4FB69}"
EndProject
Project("{151D2E53-A2C4-4D7D-83FE-D05416EBD58E}") = "AzureResourceGroup", "AzureResourceGroup\AzureResourceGroup.deployproj", "{F88079C7-4DCA-4036-82F0-E1F4B33A92E8}"
EndProject
Global
	GlobalSection(SolutionConfigurationPlatforms) = preSolution
		Debug|Any CPU = Debug|Any CPU
		Release|Any CPU = Release|Any CPU
	EndGlobalSection
	GlobalSection(ProjectConfigurationPlatforms) = postSolution
		{C16880BE-C997-4ADA-AB6D-EB54CAA4FB69}.Debug|Any CPU.ActiveCfg = Debug|Any CPU
		{C16880BE-C997-4ADA-AB6D-EB54CAA4FB69}.Debug|Any CPU.Build.0 = Debug|Any CPU
		{C16880BE-C997-4ADA-AB6D-EB54CAA4FB69}.Release|Any CPU.ActiveCfg = Release|Any CPU
		{C16880BE-C997-4ADA-AB6D-EB54CAA4FB69}.Release|Any CPU.Build.0 = Release|Any CPU
		{F88079C7-4DCA-4036-82F0-E1F4B33A92E8}.Debug|Any CPU.ActiveCfg = Debug|Any CPU
		{F88079C7-4DCA-4036-82F0-E1F4B33A92E8}.Debug|Any CPU.Build.0 = Debug|Any CPU
		{F88079C7-4DCA-4036-82F0-E1F4B33A92E8}.Release|Any CPU.ActiveCfg = Release|Any CPU
		{F88079C7-4DCA-4036-82F0-E1F4B33A92E8}.Release|Any CPU.Build.0 = Release|Any CPU
	EndGlobalSection
	GlobalSection(SolutionProperties) = preSolution
		HideSolutionNode = FALSE
	EndGlobalSection
	GlobalSection(ExtensibilityGlobals) = postSolution
		SolutionGuid = {6F201EC8-60F6-4E33-991A-E9BCEEB4B585}
	EndGlobalSection
EndGlobal
